PODS:
  - SJFluidSegmentedControl (2.0.0)

DEPENDENCIES:
  - SJFluidSegmentedControl (from `../`)

EXTERNAL SOURCES:
  SJFluidSegmentedControl:
    :path: "../"

SPEC CHECKSUMS:
  SJFluidSegmentedControl: 6f413bf40e6e3b673780b41662efcf527717004f

PODFILE CHECKSUM: 8ab40687d2778fc627f78902d43b004c85633292

COCOAPODS: 1.10.0
